
Microsoft Visual Studio Solution File, Format Version 12.00
# Visual Studio 15
VisualStudioVersion = 15.0.28307.329
MinimumVisualStudioVersion = 10.0.40219.1
Project("{FAE04EC0-301F-11D3-BF4B-00C04F79EFBC}") = "CleverMove", "CleverMove\CleverMove.csproj", "{DC78CF3B-3AE1-4BD1-B26D-7A4D2B1E6507}"
EndProject
Global
	GlobalSection(SolutionConfigurationPlatforms) = preSolution
		Debug|Any CPU = Debug|Any CPU
		Release|Any CPU = Release|Any CPU
	EndGlobalSection
	GlobalSection(ProjectConfigurationPlatforms) = postSolution
		{DC78CF3B-3AE1-4BD1-B26D-7A4D2B1E6507}.Debug|Any CPU.ActiveCfg = Debug|Any CPU
		{DC78CF3B-3AE1-4BD1-B26D-7A4D2B1E6507}.Debug|Any CPU.Build.0 = Debug|Any CPU
		{DC78CF3B-3AE1-4BD1-B26D-7A4D2B1E6507}.Release|Any CPU.ActiveCfg = Release|Any CPU
		{DC78CF3B-3AE1-4BD1-B26D-7A4D2B1E6507}.Release|Any CPU.Build.0 = Release|Any CPU
	EndGlobalSection
	GlobalSection(SolutionProperties) = preSolution
		HideSolutionNode = FALSE
	EndGlobalSection
	GlobalSection(ExtensibilityGlobals) = postSolution
		SolutionGuid = {BA0F39CD-5B08-4311-A0EE-A37B336DC7D0}
	EndGlobalSection
EndGlobal
